// !$*UTF8*$!
{
	archiveVersion = 1;
	classes = {
	};
	objectVersion = 56;
	objects = {

/* Begin PBXBuildFile section */
		2D7FFDA528D0610700CCDA1E /* weebs_swiftuiApp.swift in Sources */ = {isa = PBXBuildFile; fileRef = 2D7FFDA428D0610700CCDA1E /* weebs_swiftuiApp.swift */; };
		2D7FFDA728D0610700CCDA1E /* ContentView.swift in Sources */ = {isa = PBXBuildFile; fileRef = 2D7FFDA628D0610700CCDA1E /* ContentView.swift */; };
		2D7FFDA928D0610800CCDA1E /* Assets.xcassets in Resources */ = {isa = PBXBuildFile; fileRef = 2D7FFDA828D0610800CCDA1E /* Assets.xcassets */; };
		2D7FFDAC28D0610800CCDA1E /* Preview Assets.xcassets in Resources */ = {isa = PBXBuildFile; fileRef = 2D7FFDAB28D0610800CCDA1E /* Preview Assets.xcassets */; };
		2D7FFDB928D0612F00CCDA1E /* WidgetKit.framework in Frameworks */ = {isa = PBXBuildFile; fileRef = 2D7FFDB828D0612F00CCDA1E /* WidgetKit.framework */; };
		2D7FFDBB28D0612F00CCDA1E /* SwiftUI.framework in Frameworks */ = {isa = PBXBuildFile; fileRef = 2D7FFDBA28D0612F00CCDA1E /* SwiftUI.framework */; };
		2D7FFDBE28D0612F00CCDA1E /* widgets.swift in Sources */ = {isa = PBXBuildFile; fileRef = 2D7FFDBD28D0612F00CCDA1E /* widgets.swift */; };
		2D7FFDC028D0612F00CCDA1E /* Assets.xcassets in Resources */ = {isa = PBXBuildFile; fileRef = 2D7FFDBF28D0612F00CCDA1E /* Assets.xcassets */; };
		2D7FFDC428D0612F00CCDA1E /* widgetsExtension.appex in Embed Foundation Extensions */ = {isa = PBXBuildFile; fileRef = 2D7FFDB628D0612F00CCDA1E /* widgetsExtension.appex */; settings = {ATTRIBUTES = (RemoveHeadersOnCopy, ); }; };
		2D7FFDCA28D0614E00CCDA1E /* WeebsViewModel.swift in Sources */ = {isa = PBXBuildFile; fileRef = 2D7FFDC928D0614E00CCDA1E /* WeebsViewModel.swift */; };
		2D7FFDCC28D0615600CCDA1E /* WeebsModel.swift in Sources */ = {isa = PBXBuildFile; fileRef = 2D7FFDCB28D0615600CCDA1E /* WeebsModel.swift */; };
/* End PBXBuildFile section */

/* Begin PBXContainerItemProxy section */
		2D7FFDC228D0612F00CCDA1E /* PBXContainerItemProxy */ = {
			isa = PBXContainerItemProxy;
			containerPortal = 2D7FFD9928D0610700CCDA1E /* Project object */;
			proxyType = 1;
			remoteGlobalIDString = 2D7FFDB528D0612F00CCDA1E;
			remoteInfo = widgetsExtension;
		};
/* End PBXContainerItemProxy section */

/* Begin PBXCopyFilesBuildPhase section */
		2D7FFDC828D0612F00CCDA1E /* Embed Foundation Extensions */ = {
			isa = PBXCopyFilesBuildPhase;
			buildActionMask = 2147483647;
			dstPath = "";
			dstSubfolderSpec = 13;
			files = (
				2D7FFDC428D0612F00CCDA1E /* widgetsExtension.appex in Embed Foundation Extensions */,
			);
			name = "Embed Foundation Extensions";
			runOnlyForDeploymentPostprocessing = 0;
		};
/* End PBXCopyFilesBuildPhase section */

/* Begin PBXFileReference section */
		2D7FFDA128D0610700CCDA1E /* weebs_swiftui.app */ = {isa = PBXFileReference; explicitFileType = wrapper.application; includeInIndex = 0; path = weebs_swiftui.app; sourceTree = BUILT_PRODUCTS_DIR; };
		2D7FFDA428D0610700CCDA1E /* weebs_swiftuiApp.swift */ = {isa = PBXFileReference; lastKnownFileType = sourcecode.swift; path = weebs_swiftuiApp.swift; sourceTree = "<group>"; };
		2D7FFDA628D0610700CCDA1E /* ContentView.swift */ = {isa = PBXFileReference; lastKnownFileType = sourcecode.swift; path = ContentView.swift; sourceTree = "<group>"; };
		2D7FFDA828D0610800CCDA1E /* Assets.xcassets */ = {isa = PBXFileReference; lastKnownFileType = folder.assetcatalog; path = Assets.xcassets; sourceTree = "<group>"; };
		2D7FFDAB28D0610800CCDA1E /* Preview Assets.xcassets */ = {isa = PBXFileReference; lastKnownFileType = folder.assetcatalog; path = "Preview Assets.xcassets"; sourceTree = "<group>"; };
		2D7FFDB628D0612F00CCDA1E /* widgetsExtension.appex */ = {isa = PBXFileReference; explicitFileType = "wrapper.app-extension"; includeInIndex = 0; path = widgetsExtension.appex; sourceTree = BUILT_PRODUCTS_DIR; };
		2D7FFDB828D0612F00CCDA1E /* WidgetKit.framework */ = {isa = PBXFileReference; lastKnownFileType = wrapper.framework; name = WidgetKit.framework; path = System/Library/Frameworks/WidgetKit.framework; sourceTree = SDKROOT; };
		2D7FFDBA28D0612F00CCDA1E /* SwiftUI.framework */ = {isa = PBXFileReference; lastKnownFileType = wrapper.framework; name = SwiftUI.framework; path = System/Library/Frameworks/SwiftUI.framework; sourceTree = SDKROOT; };
		2D7FFDBD28D0612F00CCDA1E /* widgets.swift */ = {isa = PBXFileReference; lastKnownFileType = sourcecode.swift; path = widgets.swift; sourceTree = "<group>"; };
		2D7FFDBF28D0612F00CCDA1E /* Assets.xcassets */ = {isa = PBXFileReference; lastKnownFileType = folder.assetcatalog; path = Assets.xcassets; sourceTree = "<group>"; };
		2D7FFDC128D0612F00CCDA1E /* Info.plist */ = {isa = PBXFileReference; lastKnownFileType = text.plist.xml; path = Info.plist; sourceTree = "<group>"; };
		2D7FFDC928D0614E00CCDA1E /* WeebsViewModel.swift */ = {isa = PBXFileReference; lastKnownFileType = sourcecode.swift; path = WeebsViewModel.swift; sourceTree = "<group>"; };
		2D7FFDCB28D0615600CCDA1E /* WeebsModel.swift */ = {isa = PBXFileReference; lastKnownFileType = sourcecode.swift; path = WeebsModel.swift; sourceTree = "<group>"; };
/* End PBXFileReference section */

/* Begin PBXFrameworksBuildPhase section */
		2D7FFD9E28D0610700CCDA1E /* Frameworks */ = {
			isa = PBXFrameworksBuildPhase;
			buildActionMask = 2147483647;
			files = (
			);
			runOnlyForDeploymentPostprocessing = 0;
		};
		2D7FFDB328D0612F00CCDA1E /* Frameworks */ = {
			isa = PBXFrameworksBuildPhase;
			buildActionMask = 2147483647;
			files = (
				2D7FFDBB28D0612F00CCDA1E /* SwiftUI.framework in Frameworks */,
				2D7FFDB928D0612F00CCDA1E /* WidgetKit.framework in Frameworks */,
			);
			runOnlyForDeploymentPostprocessing = 0;
		};
/* End PBXFrameworksBuildPhase section */

/* Begin PBXGroup section */
		2D7FFD9828D0610700CCDA1E = {
			isa = PBXGroup;
			children = (
				2D7FFDA328D0610700CCDA1E /* weebs_swiftui */,
				2D7FFDBC28D0612F00CCDA1E /* widgets */,
				2D7FFDB728D0612F00CCDA1E /* Frameworks */,
				2D7FFDA228D0610700CCDA1E /* Products */,
			);
			sourceTree = "<group>";
		};
		2D7FFDA228D0610700CCDA1E /* Products */ = {
			isa = PBXGroup;
			children = (
				2D7FFDA128D0610700CCDA1E /* weebs_swiftui.app */,
				2D7FFDB628D0612F00CCDA1E /* widgetsExtension.appex */,
			);
			name = Products;
			sourceTree = "<group>";
		};
		2D7FFDA328D0610700CCDA1E /* weebs_swiftui */ = {
			isa = PBXGroup;
			children = (
				2D7FFDA428D0610700CCDA1E /* weebs_swiftuiApp.swift */,
				2D7FFDA628D0610700CCDA1E /* ContentView.swift */,
				2D7FFDC928D0614E00CCDA1E /* WeebsViewModel.swift */,
				2D7FFDCB28D0615600CCDA1E /* WeebsModel.swift */,
				2D7FFDA828D0610800CCDA1E /* Assets.xcassets */,
				2D7FFDAA28D0610800CCDA1E /* Preview Content */,
			);
			path = weebs_swiftui;
			sourceTree = "<group>";
		};
		2D7FFDAA28D0610800CCDA1E /* Preview Content */ = {
			isa = PBXGroup;
			children = (
				2D7FFDAB28D0610800CCDA1E /* Preview Assets.xcassets */,
			);
			path = "Preview Content";
			sourceTree = "<group>";
		};
		2D7FFDB728D0612F00CCDA1E /* Frameworks */ = {
			isa = PBXGroup;
			children = (
				2D7FFDB828D0612F00CCDA1E /* WidgetKit.framework */,
				2D7FFDBA28D0612F00CCDA1E /* SwiftUI.framework */,
			);
			name = Frameworks;
			sourceTree = "<group>";
		};
		2D7FFDBC28D0612F00CCDA1E /* widgets */ = {
			isa = PBXGroup;
			children = (
				2D7FFDBD28D0612F00CCDA1E /* widgets.swift */,
				2D7FFDBF28D0612F00CCDA1E /* Assets.xcassets */,
				2D7FFDC128D0612F00CCDA1E /* Info.plist */,
			);
			path = widgets;
			sourceTree = "<group>";
		};
/* End PBXGroup section */

/* Begin PBXNativeTarget section */
		2D7FFDA028D0610700CCDA1E /* weebs_swiftui */ = {
			isa = PBXNativeTarget;
			buildConfigurationList = 2D7FFDAF28D0610800CCDA1E /* Build configuration list for PBXNativeTarget "weebs_swiftui" */;
			buildPhases = (
				2D7FFD9D28D0610700CCDA1E /* Sources */,
				2D7FFD9E28D0610700CCDA1E /* Frameworks */,
				2D7FFD9F28D0610700CCDA1E /* Resources */,
				2D7FFDC828D0612F00CCDA1E /* Embed Foundation Extensions */,
			);
			buildRules = (
			);
			dependencies = (
				2D7FFDC328D0612F00CCDA1E /* PBXTargetDependency */,
			);
			name = weebs_swiftui;
			productName = weebs_swiftui;
			productReference = 2D7FFDA128D0610700CCDA1E /* weebs_swiftui.app */;
			productType = "com.apple.product-type.application";
		};
		2D7FFDB528D0612F00CCDA1E /* widgetsExtension */ = {
			isa = PBXNativeTarget;
			buildConfigurationList = 2D7FFDC528D0612F00CCDA1E /* Build configuration list for PBXNativeTarget "widgetsExtension" */;
			buildPhases = (
				2D7FFDB228D0612F00CCDA1E /* Sources */,
				2D7FFDB328D0612F00CCDA1E /* Frameworks */,
				2D7FFDB428D0612F00CCDA1E /* Resources */,
			);
			buildRules = (
			);
			dependencies = (
			);
			name = widgetsExtension;
			productName = widgetsExtension;
			productReference = 2D7FFDB628D0612F00CCDA1E /* widgetsExtension.appex */;
			productType = "com.apple.product-type.app-extension";
		};
/* End PBXNativeTarget section */

/* Begin PBXProject section */
		2D7FFD9928D0610700CCDA1E /* Project object */ = {
			isa = PBXProject;
			attributes = {
				BuildIndependentTargetsInParallel = 1;
				LastSwiftUpdateCheck = 1400;
				LastUpgradeCheck = 1400;
				TargetAttributes = {
					2D7FFDA028D0610700CCDA1E = {
						CreatedOnToolsVersion = 14.0;
					};
					2D7FFDB528D0612F00CCDA1E = {
						CreatedOnToolsVersion = 14.0;
					};
				};
			};
			buildConfigurationList = 2D7FFD9C28D0610700CCDA1E /* Build configuration list for PBXProject "weebs_swiftui" */;
			compatibilityVersion = "Xcode 14.0";
			developmentRegion = en;
			hasScannedForEncodings = 0;
			knownRegions = (
				en,
				Base,
			);
			mainGroup = 2D7FFD9828D0610700CCDA1E;
			productRefGroup = 2D7FFDA228D0610700CCDA1E /* Products */;
			projectDirPath = "";
			projectRoot = "";
			targets = (
				2D7FFDA028D0610700CCDA1E /* weebs_swiftui */,
				2D7FFDB528D0612F00CCDA1E /* widgetsExtension */,
			);
		};
/* End PBXProject section */

/* Begin PBXResourcesBuildPhase section */
		2D7FFD9F28D0610700CCDA1E /* Resources */ = {
			isa = PBXResourcesBuildPhase;
			buildActionMask = 2147483647;
			files = (
				2D7FFDAC28D0610800CCDA1E /* Preview Assets.xcassets in Resources */,
				2D7FFDA928D0610800CCDA1E /* Assets.xcassets in Resources */,
			);
			runOnlyForDeploymentPostprocessing = 0;
		};
		2D7FFDB428D0612F00CCDA1E /* Resources */ = {
			isa = PBXResourcesBuildPhase;
			buildActionMask = 2147483647;
			files = (
				2D7FFDC028D0612F00CCDA1E /* Assets.xcassets in Resources */,
			);
			runOnlyForDeploymentPostprocessing = 0;
		};
/* End PBXResourcesBuildPhase section */

/* Begin PBXSourcesBuildPhase section */
		2D7FFD9D28D0610700CCDA1E /* Sources */ = {
			isa = PBXSourcesBuildPhase;
			buildActionMask = 2147483647;
			files = (
				2D7FFDA728D0610700CCDA1E /* ContentView.swift in Sources */,
				2D7FFDCA28D0614E00CCDA1E /* WeebsViewModel.swift in Sources */,
				2D7FFDCC28D0615600CCDA1E /* WeebsModel.swift in Sources */,
				2D7FFDA528D0610700CCDA1E /* weebs_swiftuiApp.swift in Sources */,
			);
			runOnlyForDeploymentPostprocessing = 0;
		};
		2D7FFDB228D0612F00CCDA1E /* Sources */ = {
			isa = PBXSourcesBuildPhase;
			buildActionMask = 2147483647;
			files = (
				2D7FFDBE28D0612F00CCDA1E /* widgets.swift in Sources */,
			);
			runOnlyForDeploymentPostprocessing = 0;
		};
/* End PBXSourcesBuildPhase section */

/* Begin PBXTargetDependency section */
		2D7FFDC328D0612F00CCDA1E /* PBXTargetDependency */ = {
			isa = PBXTargetDependency;
			target = 2D7FFDB528D0612F00CCDA1E /* widgetsExtension */;
			targetProxy = 2D7FFDC228D0612F00CCDA1E /* PBXContainerItemProxy */;
		};
/* End PBXTargetDependency section */

/* Begin XCBuildConfiguration section */
		2D7FFDAD28D0610800CCDA1E /* Debug */ = {
			isa = XCBuildConfiguration;
			buildSettings = {
				ALWAYS_SEARCH_USER_PATHS = NO;
				CLANG_ANALYZER_NONNULL = YES;
				CLANG_ANALYZER_NUMBER_OBJECT_CONVERSION = YES_AGGRESSIVE;
				CLANG_CXX_LANGUAGE_STANDARD = "gnu++20";
				CLANG_ENABLE_MODULES = YES;
				CLANG_ENABLE_OBJC_ARC = YES;
				CLANG_ENABLE_OBJC_WEAK = YES;
				CLANG_WARN_BLOCK_CAPTURE_AUTORELEASING = YES;
				CLANG_WARN_BOOL_CONVERSION = YES;
				CLANG_WARN_COMMA = YES;
				CLANG_WARN_CONSTANT_CONVERSION = YES;
				CLANG_WARN_DEPRECATED_OBJC_IMPLEMENTATIONS = YES;
				CLANG_WARN_DIRECT_OBJC_ISA_USAGE = YES_ERROR;
				CLANG_WARN_DOCUMENTATION_COMMENTS = YES;
				CLANG_WARN_EMPTY_BODY = YES;
				CLANG_WARN_ENUM_CONVERSION = YES;
				CLANG_WARN_INFINITE_RECURSION = YES;
				CLANG_WARN_INT_CONVERSION = YES;
				CLANG_WARN_NON_LITERAL_NULL_CONVERSION = YES;
				CLANG_WARN_OBJC_IMPLICIT_RETAIN_SELF = YES;
				CLANG_WARN_OBJC_LITERAL_CONVERSION = YES;
				CLANG_WARN_OBJC_ROOT_CLASS = YES_ERROR;
				CLANG_WARN_QUOTED_INCLUDE_IN_FRAMEWORK_HEADER = YES;
				CLANG_WARN_RANGE_LOOP_ANALYSIS = YES;
				CLANG_WARN_STRICT_PROTOTYPES = YES;
				CLANG_WARN_SUSPICIOUS_MOVE = YES;
				CLANG_WARN_UNGUARDED_AVAILABILITY = YES_AGGRESSIVE;
				CLANG_WARN_UNREACHABLE_CODE = YES;
				CLANG_WARN__DUPLICATE_METHOD_MATCH = YES;
				COPY_PHASE_STRIP = NO;
				DEBUG_INFORMATION_FORMAT = dwarf;
				ENABLE_STRICT_OBJC_MSGSEND = YES;
				ENABLE_TESTABILITY = YES;
				GCC_C_LANGUAGE_STANDARD = gnu11;
				GCC_DYNAMIC_NO_PIC = NO;
				GCC_NO_COMMON_BLOCKS = YES;
				GCC_OPTIMIZATION_LEVEL = 0;
				GCC_PREPROCESSOR_DEFINITIONS = (
					"DEBUG=1",
					"$(inherited)",
				);
				GCC_WARN_64_TO_32_BIT_CONVERSION = YES;
				GCC_WARN_ABOUT_RETURN_TYPE = YES_ERROR;
				GCC_WARN_UNDECLARED_SELECTOR = YES;
				GCC_WARN_UNINITIALIZED_AUTOS = YES_AGGRESSIVE;
				GCC_WARN_UNUSED_FUNCTION = YES;
				GCC_WARN_UNUSED_VARIABLE = YES;
				IPHONEOS_DEPLOYMENT_TARGET = 16.0;
				MTL_ENABLE_DEBUG_INFO = INCLUDE_SOURCE;
				MTL_FAST_MATH = YES;
				ONLY_ACTIVE_ARCH = YES;
				SDKROOT = iphoneos;
				SWIFT_ACTIVE_COMPILATION_CONDITIONS = DEBUG;
				SWIFT_OPTIMIZATION_LEVEL = "-Onone";
			};
			name = Debug;
		};
		2D7FFDAE28D0610800CCDA1E /* Release */ = {
			isa = XCBuildConfiguration;
			buildSettings = {
				ALWAYS_SEARCH_USER_PATHS = NO;
				CLANG_ANALYZER_NONNULL = YES;
				CLANG_ANALYZER_NUMBER_OBJECT_CONVERSION = YES_AGGRESSIVE;
				CLANG_CXX_LANGUAGE_STANDARD = "gnu++20";
				CLANG_ENABLE_MODULES = YES;
				CLANG_ENABLE_OBJC_ARC = YES;
				CLANG_ENABLE_OBJC_WEAK = YES;
				CLANG_WARN_BLOCK_CAPTURE_AUTORELEASING = YES;
				CLANG_WARN_BOOL_CONVERSION = YES;
				CLANG_WARN_COMMA = YES;
				CLANG_WARN_CONSTANT_CONVERSION = YES;
				CLANG_WARN_DEPRECATED_OBJC_IMPLEMENTATIONS = YES;
				CLANG_WARN_DIRECT_OBJC_ISA_USAGE = YES_ERROR;
				CLANG_WARN_DOCUMENTATION_COMMENTS = YES;
				CLANG_WARN_EMPTY_BODY = YES;
				CLANG_WARN_ENUM_CONVERSION = YES;
				CLANG_WARN_INFINITE_RECURSION = YES;
				CLANG_WARN_INT_CONVERSION = YES;
				CLANG_WARN_NON_LITERAL_NULL_CONVERSION = YES;
				CLANG_WARN_OBJC_IMPLICIT_RETAIN_SELF = YES;
				CLANG_WARN_OBJC_LITERAL_CONVERSION = YES;
				CLANG_WARN_OBJC_ROOT_CLASS = YES_ERROR;
				CLANG_WARN_QUOTED_INCLUDE_IN_FRAMEWORK_HEADER = YES;
				CLANG_WARN_RANGE_LOOP_ANALYSIS = YES;
				CLANG_WARN_STRICT_PROTOTYPES = YES;
				CLANG_WARN_SUSPICIOUS_MOVE = YES;
				CLANG_WARN_UNGUARDED_AVAILABILITY = YES_AGGRESSIVE;
				CLANG_WARN_UNREACHABLE_CODE = YES;
				CLANG_WARN__DUPLICATE_METHOD_MATCH = YES;
				COPY_PHASE_STRIP = NO;
				DEBUG_INFORMATION_FORMAT = "dwarf-with-dsym";
				ENABLE_NS_ASSERTIONS = NO;
				ENABLE_STRICT_OBJC_MSGSEND = YES;
				GCC_C_LANGUAGE_STANDARD = gnu11;
				GCC_NO_COMMON_BLOCKS = YES;
				GCC_WARN_64_TO_32_BIT_CONVERSION = YES;
				GCC_WARN_ABOUT_RETURN_TYPE = YES_ERROR;
				GCC_WARN_UNDECLARED_SELECTOR = YES;
				GCC_WARN_UNINITIALIZED_AUTOS = YES_AGGRESSIVE;
				GCC_WARN_UNUSED_FUNCTION = YES;
				GCC_WARN_UNUSED_VARIABLE = YES;
				IPHONEOS_DEPLOYMENT_TARGET = 16.0;
				MTL_ENABLE_DEBUG_INFO = NO;
				MTL_FAST_MATH = YES;
				SDKROOT = iphoneos;
				SWIFT_COMPILATION_MODE = wholemodule;
				SWIFT_OPTIMIZATION_LEVEL = "-O";
				VALIDATE_PRODUCT = YES;
			};
			name = Release;
		};
		2D7FFDB028D0610800CCDA1E /* Debug */ = {
			isa = XCBuildConfiguration;
			buildSettings = {
				ALWAYS_EMBED_SWIFT_STANDARD_LIBRARIES = YES;
				ASSETCATALOG_COMPILER_APPICON_NAME = AppIcon;
				ASSETCATALOG_COMPILER_GLOBAL_ACCENT_COLOR_NAME = AccentColor;
				CODE_SIGN_STYLE = Automatic;
				CURRENT_PROJECT_VERSION = 1;
				DEVELOPMENT_ASSET_PATHS = "\"weebs_swiftui/Preview Content\"";
				DEVELOPMENT_TEAM = 7V87HJBA4K;
				ENABLE_PREVIEWS = YES;
				GENERATE_INFOPLIST_FILE = YES;
				INFOPLIST_KEY_UIApplicationSceneManifest_Generation = YES;
				INFOPLIST_KEY_UIApplicationSupportsIndirectInputEvents = YES;
				INFOPLIST_KEY_UILaunchScreen_Generation = YES;
				INFOPLIST_KEY_UISupportedInterfaceOrientations_iPad = "UIInterfaceOrientationPortrait UIInterfaceOrientationPortraitUpsideDown UIInterfaceOrientationLandscapeLeft UIInterfaceOrientationLandscapeRight";
				INFOPLIST_KEY_UISupportedInterfaceOrientations_iPhone = "UIInterfaceOrientationPortrait UIInterfaceOrientationLandscapeLeft UIInterfaceOrientationLandscapeRight";
				LD_RUNPATH_SEARCH_PATHS = (
					"$(inherited)",
					"@executable_path/Frameworks",
				);
				MARKETING_VERSION = 1.0;
				PRODUCT_BUNDLE_IDENTIFIER = "com.leochen.weebs-swiftui";
				PRODUCT_NAME = "$(TARGET_NAME)";
				SWIFT_EMIT_LOC_STRINGS = YES;
				SWIFT_VERSION = 5.0;
				TARGETED_DEVICE_FAMILY = "1,2";
			};
			name = Debug;
		};
		2D7FFDB128D0610800CCDA1E /* Release */ = {
			isa = XCBuildConfiguration;
			buildSettings = {
				ALWAYS_EMBED_SWIFT_STANDARD_LIBRARIES = YES;
				ASSETCATALOG_COMPILER_APPICON_NAME = AppIcon;
				ASSETCATALOG_COMPILER_GLOBAL_ACCENT_COLOR_NAME = AccentColor;
				CODE_SIGN_STYLE = Automatic;
				CURRENT_PROJECT_VERSION = 1;
				DEVELOPMENT_ASSET_PATHS = "\"weebs_swiftui/Preview Content\"";
				DEVELOPMENT_TEAM = 7V87HJBA4K;
				ENABLE_PREVIEWS = YES;
				GENERATE_INFOPLIST_FILE = YES;
				INFOPLIST_KEY_UIApplicationSceneManifest_Generation = YES;
				INFOPLIST_KEY_UIApplicationSupportsIndirectInputEvents = YES;
				INFOPLIST_KEY_UILaunchScreen_Generation = YES;
				INFOPLIST_KEY_UISupportedInterfaceOrientations_iPad = "UIInterfaceOrientationPortrait UIInterfaceOrientationPortraitUpsideDown UIInterfaceOrientationLandscapeLeft UIInterfaceOrientationLandscapeRight";
				INFOPLIST_KEY_UISupportedInterfaceOrientations_iPhone = "UIInterfaceOrientationPortrait UIInterfaceOrientationLandscapeLeft UIInterfaceOrientationLandscapeRight";
				LD_RUNPATH_SEARCH_PATHS = (
					"$(inherited)",
					"@executable_path/Frameworks",
				);
				MARKETING_VERSION = 1.0;
				PRODUCT_BUNDLE_IDENTIFIER = "com.leochen.weebs-swiftui";
				PRODUCT_NAME = "$(TARGET_NAME)";
				SWIFT_EMIT_LOC_STRINGS = YES;
				SWIFT_VERSION = 5.0;
				TARGETED_DEVICE_FAMILY = "1,2";
			};
			name = Release;
		};
		2D7FFDC628D0612F00CCDA1E /* Debug */ = {
			isa = XCBuildConfiguration;
			buildSettings = {
				ASSETCATALOG_COMPILER_GLOBAL_ACCENT_COLOR_NAME = AccentColor;
				ASSETCATALOG_COMPILER_WIDGET_BACKGROUND_COLOR_NAME = WidgetBackground;
				CODE_SIGN_STYLE = Automatic;
				CURRENT_PROJECT_VERSION = 1;
				DEVELOPMENT_TEAM = 7V87HJBA4K;
				GENERATE_INFOPLIST_FILE = YES;
				INFOPLIST_FILE = widgets/Info.plist;
				INFOPLIST_KEY_CFBundleDisplayName = widgets;
				INFOPLIST_KEY_NSHumanReadableCopyright = "";
				LD_RUNPATH_SEARCH_PATHS = (
					"$(inherited)",
					"@executable_path/Frameworks",
					"@executable_path/../../Frameworks",
				);
				MARKETING_VERSION = 1.0;
				PRODUCT_BUNDLE_IDENTIFIER = "com.leochen.weebs-swiftui.widgets";
				PRODUCT_NAME = "$(TARGET_NAME)";
				SKIP_INSTALL = YES;
				SWIFT_EMIT_LOC_STRINGS = YES;
				SWIFT_VERSION = 5.0;
				TARGETED_DEVICE_FAMILY = "1,2";
			};
			name = Debug;
		};
		2D7FFDC728D0612F00CCDA1E /* Release */ = {
			isa = XCBuildConfiguration;
			buildSettings = {
				ASSETCATALOG_COMPILER_GLOBAL_ACCENT_COLOR_NAME = AccentColor;
				ASSETCATALOG_COMPILER_WIDGET_BACKGROUND_COLOR_NAME = WidgetBackground;
				CODE_SIGN_STYLE = Automatic;
				CURRENT_PROJECT_VERSION = 1;
				DEVELOPMENT_TEAM = 7V87HJBA4K;
				GENERATE_INFOPLIST_FILE = YES;
				INFOPLIST_FILE = widgets/Info.plist;
				INFOPLIST_KEY_CFBundleDisplayName = widgets;
				INFOPLIST_KEY_NSHumanReadableCopyright = "";
				LD_RUNPATH_SEARCH_PATHS = (
					"$(inherited)",
					"@executable_path/Frameworks",
					"@executable_path/../../Frameworks",
				);
				MARKETING_VERSION = 1.0;
				PRODUCT_BUNDLE_IDENTIFIER = "com.leochen.weebs-swiftui.widgets";
				PRODUCT_NAME = "$(TARGET_NAME)";
				SKIP_INSTALL = YES;
				SWIFT_EMIT_LOC_STRINGS = YES;
				SWIFT_VERSION = 5.0;
				TARGETED_DEVICE_FAMILY = "1,2";
			};
			name = Release;
		};
/* End XCBuildConfiguration section */

/* Begin XCConfigurationList section */
		2D7FFD9C28D0610700CCDA1E /* Build configuration list for PBXProject "weebs_swiftui" */ = {
			isa = XCConfigurationList;
			buildConfigurations = (
				2D7FFDAD28D0610800CCDA1E /* Debug */,
				2D7FFDAE28D0610800CCDA1E /* Release */,
			);
			defaultConfigurationIsVisible = 0;
			defaultConfigurationName = Release;
		};
		2D7FFDAF28D0610800CCDA1E /* Build configuration list for PBXNativeTarget "weebs_swiftui" */ = {
			isa = XCConfigurationList;
			buildConfigurations = (
				2D7FFDB028D0610800CCDA1E /* Debug */,
				2D7FFDB128D0610800CCDA1E /* Release */,
			);
			defaultConfigurationIsVisible = 0;
			defaultConfigurationName = Release;
		};
		2D7FFDC528D0612F00CCDA1E /* Build configuration list for PBXNativeTarget "widgetsExtension" */ = {
			isa = XCConfigurationList;
			buildConfigurations = (
				2D7FFDC628D0612F00CCDA1E /* Debug */,
				2D7FFDC728D0612F00CCDA1E /* Release */,
			);
			defaultConfigurationIsVisible = 0;
			defaultConfigurationName = Release;
		};
/* End XCConfigurationList section */
	};
	rootObject = 2D7FFD9928D0610700CCDA1E /* Project object */;
}
