// !$*UTF8*$!
{
	archiveVersion = 1;
	classes = {
	};
	objectVersion = 50;
	objects = {

/* Begin PBXBuildFile section */
		1CEF1D9826DCF2B5004391D1 /* AppDelegate.swift in Sources */ = {isa = PBXBuildFile; fileRef = 1CEF1D9726DCF2B5004391D1 /* AppDelegate.swift */; };
		1CEF1D9A26DCF2B5004391D1 /* SceneDelegate.swift in Sources */ = {isa = PBXBuildFile; fileRef = 1CEF1D9926DCF2B5004391D1 /* SceneDelegate.swift */; };
		1CEF1D9C26DCF2B5004391D1 /* ViewController.swift in Sources */ = {isa = PBXBuildFile; fileRef = 1CEF1D9B26DCF2B5004391D1 /* ViewController.swift */; };
		1CEF1D9F26DCF2B5004391D1 /* Main.storyboard in Resources */ = {isa = PBXBuildFile; fileRef = 1CEF1D9D26DCF2B5004391D1 /* Main.storyboard */; };
		1CEF1DA126DCF2B6004391D1 /* Assets.xcassets in Resources */ = {isa = PBXBuildFile; fileRef = 1CEF1DA026DCF2B6004391D1 /* Assets.xcassets */; };
		1CEF1DA426DCF2B6004391D1 /* LaunchScreen.storyboard in Resources */ = {isa = PBXBuildFile; fileRef = 1CEF1DA226DCF2B6004391D1 /* LaunchScreen.storyboard */; };
		1CEF1DAF26DCF2B6004391D1 /* anime_recommendationTests.swift in Sources */ = {isa = PBXBuildFile; fileRef = 1CEF1DAE26DCF2B6004391D1 /* anime_recommendationTests.swift */; };
		1CEF1DBA26DCF2B6004391D1 /* anime_recommendationUITests.swift in Sources */ = {isa = PBXBuildFile; fileRef = 1CEF1DB926DCF2B6004391D1 /* anime_recommendationUITests.swift */; };
		1CEF1DD026DCF365004391D1 /* AnimeDetailsView.swift in Sources */ = {isa = PBXBuildFile; fileRef = 1CEF1DCF26DCF365004391D1 /* AnimeDetailsView.swift */; };
		1CEF1DD226DCF391004391D1 /* DataModel.swift in Sources */ = {isa = PBXBuildFile; fileRef = 1CEF1DD126DCF391004391D1 /* DataModel.swift */; };
		1CEF1DD426DCF3A4004391D1 /* APIHandlers.swift in Sources */ = {isa = PBXBuildFile; fileRef = 1CEF1DD326DCF3A4004391D1 /* APIHandlers.swift */; };
		1CEF1DD626DCF3AB004391D1 /* Constants.swift in Sources */ = {isa = PBXBuildFile; fileRef = 1CEF1DD526DCF3AB004391D1 /* Constants.swift */; };
		1CEF1DD826DCF5FA004391D1 /* AnimeDescriptionCell.swift in Sources */ = {isa = PBXBuildFile; fileRef = 1CEF1DD726DCF5FA004391D1 /* AnimeDescriptionCell.swift */; };
/* End PBXBuildFile section */

/* Begin PBXContainerItemProxy section */
		1CEF1DAB26DCF2B6004391D1 /* PBXContainerItemProxy */ = {
			isa = PBXContainerItemProxy;
			containerPortal = 1CEF1D8C26DCF2B5004391D1 /* Project object */;
			proxyType = 1;
			remoteGlobalIDString = 1CEF1D9326DCF2B5004391D1;
			remoteInfo = anime_recommendation;
		};
		1CEF1DB626DCF2B6004391D1 /* PBXContainerItemProxy */ = {
			isa = PBXContainerItemProxy;
			containerPortal = 1CEF1D8C26DCF2B5004391D1 /* Project object */;
			proxyType = 1;
			remoteGlobalIDString = 1CEF1D9326DCF2B5004391D1;
			remoteInfo = anime_recommendation;
		};
/* End PBXContainerItemProxy section */

/* Begin PBXFileReference section */
		1CEF1D9426DCF2B5004391D1 /* anime_recommendation.app */ = {isa = PBXFileReference; explicitFileType = wrapper.application; includeInIndex = 0; path = anime_recommendation.app; sourceTree = BUILT_PRODUCTS_DIR; };
		1CEF1D9726DCF2B5004391D1 /* AppDelegate.swift */ = {isa = PBXFileReference; lastKnownFileType = sourcecode.swift; path = AppDelegate.swift; sourceTree = "<group>"; };
		1CEF1D9926DCF2B5004391D1 /* SceneDelegate.swift */ = {isa = PBXFileReference; lastKnownFileType = sourcecode.swift; path = SceneDelegate.swift; sourceTree = "<group>"; };
		1CEF1D9B26DCF2B5004391D1 /* ViewController.swift */ = {isa = PBXFileReference; lastKnownFileType = sourcecode.swift; path = ViewController.swift; sourceTree = "<group>"; };
		1CEF1D9E26DCF2B5004391D1 /* Base */ = {isa = PBXFileReference; lastKnownFileType = file.storyboard; name = Base; path = Base.lproj/Main.storyboard; sourceTree = "<group>"; };
		1CEF1DA026DCF2B6004391D1 /* Assets.xcassets */ = {isa = PBXFileReference; lastKnownFileType = folder.assetcatalog; path = Assets.xcassets; sourceTree = "<group>"; };
		1CEF1DA326DCF2B6004391D1 /* Base */ = {isa = PBXFileReference; lastKnownFileType = file.storyboard; name = Base; path = Base.lproj/LaunchScreen.storyboard; sourceTree = "<group>"; };
		1CEF1DA526DCF2B6004391D1 /* Info.plist */ = {isa = PBXFileReference; lastKnownFileType = text.plist.xml; path = Info.plist; sourceTree = "<group>"; };
		1CEF1DAA26DCF2B6004391D1 /* anime_recommendationTests.xctest */ = {isa = PBXFileReference; explicitFileType = wrapper.cfbundle; includeInIndex = 0; path = anime_recommendationTests.xctest; sourceTree = BUILT_PRODUCTS_DIR; };
		1CEF1DAE26DCF2B6004391D1 /* anime_recommendationTests.swift */ = {isa = PBXFileReference; lastKnownFileType = sourcecode.swift; path = anime_recommendationTests.swift; sourceTree = "<group>"; };
		1CEF1DB026DCF2B6004391D1 /* Info.plist */ = {isa = PBXFileReference; lastKnownFileType = text.plist.xml; path = Info.plist; sourceTree = "<group>"; };
		1CEF1DB526DCF2B6004391D1 /* anime_recommendationUITests.xctest */ = {isa = PBXFileReference; explicitFileType = wrapper.cfbundle; includeInIndex = 0; path = anime_recommendationUITests.xctest; sourceTree = BUILT_PRODUCTS_DIR; };
		1CEF1DB926DCF2B6004391D1 /* anime_recommendationUITests.swift */ = {isa = PBXFileReference; lastKnownFileType = sourcecode.swift; path = anime_recommendationUITests.swift; sourceTree = "<group>"; };
		1CEF1DBB26DCF2B6004391D1 /* Info.plist */ = {isa = PBXFileReference; lastKnownFileType = text.plist.xml; path = Info.plist; sourceTree = "<group>"; };
		1CEF1DCF26DCF365004391D1 /* AnimeDetailsView.swift */ = {isa = PBXFileReference; lastKnownFileType = sourcecode.swift; path = AnimeDetailsView.swift; sourceTree = "<group>"; };
		1CEF1DD126DCF391004391D1 /* DataModel.swift */ = {isa = PBXFileReference; lastKnownFileType = sourcecode.swift; path = DataModel.swift; sourceTree = "<group>"; };
		1CEF1DD326DCF3A4004391D1 /* APIHandlers.swift */ = {isa = PBXFileReference; lastKnownFileType = sourcecode.swift; path = APIHandlers.swift; sourceTree = "<group>"; };
		1CEF1DD526DCF3AB004391D1 /* Constants.swift */ = {isa = PBXFileReference; lastKnownFileType = sourcecode.swift; path = Constants.swift; sourceTree = "<group>"; };
		1CEF1DD726DCF5FA004391D1 /* AnimeDescriptionCell.swift */ = {isa = PBXFileReference; lastKnownFileType = sourcecode.swift; path = AnimeDescriptionCell.swift; sourceTree = "<group>"; };
/* End PBXFileReference section */

/* Begin PBXFrameworksBuildPhase section */
		1CEF1D9126DCF2B5004391D1 /* Frameworks */ = {
			isa = PBXFrameworksBuildPhase;
			buildActionMask = 2147483647;
			files = (
			);
			runOnlyForDeploymentPostprocessing = 0;
		};
		1CEF1DA726DCF2B6004391D1 /* Frameworks */ = {
			isa = PBXFrameworksBuildPhase;
			buildActionMask = 2147483647;
			files = (
			);
			runOnlyForDeploymentPostprocessing = 0;
		};
		1CEF1DB226DCF2B6004391D1 /* Frameworks */ = {
			isa = PBXFrameworksBuildPhase;
			buildActionMask = 2147483647;
			files = (
			);
			runOnlyForDeploymentPostprocessing = 0;
		};
/* End PBXFrameworksBuildPhase section */

/* Begin PBXGroup section */
		1CEF1D8B26DCF2B5004391D1 = {
			isa = PBXGroup;
			children = (
				1CEF1D9626DCF2B5004391D1 /* anime_recommendation */,
				1CEF1DAD26DCF2B6004391D1 /* anime_recommendationTests */,
				1CEF1DB826DCF2B6004391D1 /* anime_recommendationUITests */,
				1CEF1D9526DCF2B5004391D1 /* Products */,
			);
			sourceTree = "<group>";
		};
		1CEF1D9526DCF2B5004391D1 /* Products */ = {
			isa = PBXGroup;
			children = (
				1CEF1D9426DCF2B5004391D1 /* anime_recommendation.app */,
				1CEF1DAA26DCF2B6004391D1 /* anime_recommendationTests.xctest */,
				1CEF1DB526DCF2B6004391D1 /* anime_recommendationUITests.xctest */,
			);
			name = Products;
			sourceTree = "<group>";
		};
		1CEF1D9626DCF2B5004391D1 /* anime_recommendation */ = {
			isa = PBXGroup;
			children = (
				1CEF1DCC26DCF2F5004391D1 /* Misc */,
				1CEF1DCB26DCF2EC004391D1 /* Controller */,
				1CEF1DCA26DCF2E6004391D1 /* View */,
				1CEF1DC926DCF2E1004391D1 /* Model */,
				1CEF1DA526DCF2B6004391D1 /* Info.plist */,
			);
			path = anime_recommendation;
			sourceTree = "<group>";
		};
		1CEF1DAD26DCF2B6004391D1 /* anime_recommendationTests */ = {
			isa = PBXGroup;
			children = (
				1CEF1DAE26DCF2B6004391D1 /* anime_recommendationTests.swift */,
				1CEF1DB026DCF2B6004391D1 /* Info.plist */,
			);
			path = anime_recommendationTests;
			sourceTree = "<group>";
		};
		1CEF1DB826DCF2B6004391D1 /* anime_recommendationUITests */ = {
			isa = PBXGroup;
			children = (
				1CEF1DB926DCF2B6004391D1 /* anime_recommendationUITests.swift */,
				1CEF1DBB26DCF2B6004391D1 /* Info.plist */,
			);
			path = anime_recommendationUITests;
			sourceTree = "<group>";
		};
		1CEF1DC926DCF2E1004391D1 /* Model */ = {
			isa = PBXGroup;
			children = (
				1CEF1DD126DCF391004391D1 /* DataModel.swift */,
				1CEF1DD526DCF3AB004391D1 /* Constants.swift */,
			);
			path = Model;
			sourceTree = "<group>";
		};
		1CEF1DCA26DCF2E6004391D1 /* View */ = {
			isa = PBXGroup;
			children = (
				1CEF1D9B26DCF2B5004391D1 /* ViewController.swift */,
				1CEF1DCF26DCF365004391D1 /* AnimeDetailsView.swift */,
				1CEF1DD726DCF5FA004391D1 /* AnimeDescriptionCell.swift */,
			);
			path = View;
			sourceTree = "<group>";
		};
		1CEF1DCB26DCF2EC004391D1 /* Controller */ = {
			isa = PBXGroup;
			children = (
				1CEF1DD326DCF3A4004391D1 /* APIHandlers.swift */,
			);
			path = Controller;
			sourceTree = "<group>";
		};
		1CEF1DCC26DCF2F5004391D1 /* Misc */ = {
			isa = PBXGroup;
			children = (
				1CEF1D9726DCF2B5004391D1 /* AppDelegate.swift */,
				1CEF1D9926DCF2B5004391D1 /* SceneDelegate.swift */,
				1CEF1DA026DCF2B6004391D1 /* Assets.xcassets */,
				1CEF1D9D26DCF2B5004391D1 /* Main.storyboard */,
				1CEF1DA226DCF2B6004391D1 /* LaunchScreen.storyboard */,
			);
			path = Misc;
			sourceTree = "<group>";
		};
/* End PBXGroup section */

/* Begin PBXNativeTarget section */
		1CEF1D9326DCF2B5004391D1 /* anime_recommendation */ = {
			isa = PBXNativeTarget;
			buildConfigurationList = 1CEF1DBE26DCF2B6004391D1 /* Build configuration list for PBXNativeTarget "anime_recommendation" */;
			buildPhases = (
				1CEF1D9026DCF2B5004391D1 /* Sources */,
				1CEF1D9126DCF2B5004391D1 /* Frameworks */,
				1CEF1D9226DCF2B5004391D1 /* Resources */,
			);
			buildRules = (
			);
			dependencies = (
			);
			name = anime_recommendation;
			productName = anime_recommendation;
			productReference = 1CEF1D9426DCF2B5004391D1 /* anime_recommendation.app */;
			productType = "com.apple.product-type.application";
		};
		1CEF1DA926DCF2B6004391D1 /* anime_recommendationTests */ = {
			isa = PBXNativeTarget;
			buildConfigurationList = 1CEF1DC126DCF2B6004391D1 /* Build configuration list for PBXNativeTarget "anime_recommendationTests" */;
			buildPhases = (
				1CEF1DA626DCF2B6004391D1 /* Sources */,
				1CEF1DA726DCF2B6004391D1 /* Frameworks */,
				1CEF1DA826DCF2B6004391D1 /* Resources */,
			);
			buildRules = (
			);
			dependencies = (
				1CEF1DAC26DCF2B6004391D1 /* PBXTargetDependency */,
			);
			name = anime_recommendationTests;
			productName = anime_recommendationTests;
			productReference = 1CEF1DAA26DCF2B6004391D1 /* anime_recommendationTests.xctest */;
			productType = "com.apple.product-type.bundle.unit-test";
		};
		1CEF1DB426DCF2B6004391D1 /* anime_recommendationUITests */ = {
			isa = PBXNativeTarget;
			buildConfigurationList = 1CEF1DC426DCF2B6004391D1 /* Build configuration list for PBXNativeTarget "anime_recommendationUITests" */;
			buildPhases = (
				1CEF1DB126DCF2B6004391D1 /* Sources */,
				1CEF1DB226DCF2B6004391D1 /* Frameworks */,
				1CEF1DB326DCF2B6004391D1 /* Resources */,
			);
			buildRules = (
			);
			dependencies = (
				1CEF1DB726DCF2B6004391D1 /* PBXTargetDependency */,
			);
			name = anime_recommendationUITests;
			productName = anime_recommendationUITests;
			productReference = 1CEF1DB526DCF2B6004391D1 /* anime_recommendationUITests.xctest */;
			productType = "com.apple.product-type.bundle.ui-testing";
		};
/* End PBXNativeTarget section */

/* Begin PBXProject section */
		1CEF1D8C26DCF2B5004391D1 /* Project object */ = {
			isa = PBXProject;
			attributes = {
				LastSwiftUpdateCheck = 1250;
				LastUpgradeCheck = 1250;
				TargetAttributes = {
					1CEF1D9326DCF2B5004391D1 = {
						CreatedOnToolsVersion = 12.5.1;
					};
					1CEF1DA926DCF2B6004391D1 = {
						CreatedOnToolsVersion = 12.5.1;
						TestTargetID = 1CEF1D9326DCF2B5004391D1;
					};
					1CEF1DB426DCF2B6004391D1 = {
						CreatedOnToolsVersion = 12.5.1;
						TestTargetID = 1CEF1D9326DCF2B5004391D1;
					};
				};
			};
			buildConfigurationList = 1CEF1D8F26DCF2B5004391D1 /* Build configuration list for PBXProject "anime_recommendation" */;
			compatibilityVersion = "Xcode 9.3";
			developmentRegion = en;
			hasScannedForEncodings = 0;
			knownRegions = (
				en,
				Base,
			);
			mainGroup = 1CEF1D8B26DCF2B5004391D1;
			productRefGroup = 1CEF1D9526DCF2B5004391D1 /* Products */;
			projectDirPath = "";
			projectRoot = "";
			targets = (
				1CEF1D9326DCF2B5004391D1 /* anime_recommendation */,
				1CEF1DA926DCF2B6004391D1 /* anime_recommendationTests */,
				1CEF1DB426DCF2B6004391D1 /* anime_recommendationUITests */,
			);
		};
/* End PBXProject section */

/* Begin PBXResourcesBuildPhase section */
		1CEF1D9226DCF2B5004391D1 /* Resources */ = {
			isa = PBXResourcesBuildPhase;
			buildActionMask = 2147483647;
			files = (
				1CEF1DA426DCF2B6004391D1 /* LaunchScreen.storyboard in Resources */,
				1CEF1DA126DCF2B6004391D1 /* Assets.xcassets in Resources */,
				1CEF1D9F26DCF2B5004391D1 /* Main.storyboard in Resources */,
			);
			runOnlyForDeploymentPostprocessing = 0;
		};
		1CEF1DA826DCF2B6004391D1 /* Resources */ = {
			isa = PBXResourcesBuildPhase;
			buildActionMask = 2147483647;
			files = (
			);
			runOnlyForDeploymentPostprocessing = 0;
		};
		1CEF1DB326DCF2B6004391D1 /* Resources */ = {
			isa = PBXResourcesBuildPhase;
			buildActionMask = 2147483647;
			files = (
			);
			runOnlyForDeploymentPostprocessing = 0;
		};
/* End PBXResourcesBuildPhase section */

/* Begin PBXSourcesBuildPhase section */
		1CEF1D9026DCF2B5004391D1 /* Sources */ = {
			isa = PBXSourcesBuildPhase;
			buildActionMask = 2147483647;
			files = (
				1CEF1DD226DCF391004391D1 /* DataModel.swift in Sources */,
				1CEF1DD026DCF365004391D1 /* AnimeDetailsView.swift in Sources */,
				1CEF1D9C26DCF2B5004391D1 /* ViewController.swift in Sources */,
				1CEF1DD826DCF5FA004391D1 /* AnimeDescriptionCell.swift in Sources */,
				1CEF1DD426DCF3A4004391D1 /* APIHandlers.swift in Sources */,
				1CEF1DD626DCF3AB004391D1 /* Constants.swift in Sources */,
				1CEF1D9826DCF2B5004391D1 /* AppDelegate.swift in Sources */,
				1CEF1D9A26DCF2B5004391D1 /* SceneDelegate.swift in Sources */,
			);
			runOnlyForDeploymentPostprocessing = 0;
		};
		1CEF1DA626DCF2B6004391D1 /* Sources */ = {
			isa = PBXSourcesBuildPhase;
			buildActionMask = 2147483647;
			files = (
				1CEF1DAF26DCF2B6004391D1 /* anime_recommendationTests.swift in Sources */,
			);
			runOnlyForDeploymentPostprocessing = 0;
		};
		1CEF1DB126DCF2B6004391D1 /* Sources */ = {
			isa = PBXSourcesBuildPhase;
			buildActionMask = 2147483647;
			files = (
				1CEF1DBA26DCF2B6004391D1 /* anime_recommendationUITests.swift in Sources */,
			);
			runOnlyForDeploymentPostprocessing = 0;
		};
/* End PBXSourcesBuildPhase section */

/* Begin PBXTargetDependency section */
		1CEF1DAC26DCF2B6004391D1 /* PBXTargetDependency */ = {
			isa = PBXTargetDependency;
			target = 1CEF1D9326DCF2B5004391D1 /* anime_recommendation */;
			targetProxy = 1CEF1DAB26DCF2B6004391D1 /* PBXContainerItemProxy */;
		};
		1CEF1DB726DCF2B6004391D1 /* PBXTargetDependency */ = {
			isa = PBXTargetDependency;
			target = 1CEF1D9326DCF2B5004391D1 /* anime_recommendation */;
			targetProxy = 1CEF1DB626DCF2B6004391D1 /* PBXContainerItemProxy */;
		};
/* End PBXTargetDependency section */

/* Begin PBXVariantGroup section */
		1CEF1D9D26DCF2B5004391D1 /* Main.storyboard */ = {
			isa = PBXVariantGroup;
			children = (
				1CEF1D9E26DCF2B5004391D1 /* Base */,
			);
			name = Main.storyboard;
			sourceTree = "<group>";
		};
		1CEF1DA226DCF2B6004391D1 /* LaunchScreen.storyboard */ = {
			isa = PBXVariantGroup;
			children = (
				1CEF1DA326DCF2B6004391D1 /* Base */,
			);
			name = LaunchScreen.storyboard;
			sourceTree = "<group>";
		};
/* End PBXVariantGroup section */

/* Begin XCBuildConfiguration section */
		1CEF1DBC26DCF2B6004391D1 /* Debug */ = {
			isa = XCBuildConfiguration;
			buildSettings = {
				ALWAYS_SEARCH_USER_PATHS = NO;
				CLANG_ANALYZER_NONNULL = YES;
				CLANG_ANALYZER_NUMBER_OBJECT_CONVERSION = YES_AGGRESSIVE;
				CLANG_CXX_LANGUAGE_STANDARD = "gnu++14";
				CLANG_CXX_LIBRARY = "libc++";
				CLANG_ENABLE_MODULES = YES;
				CLANG_ENABLE_OBJC_ARC = YES;
				CLANG_ENABLE_OBJC_WEAK = YES;
				CLANG_WARN_BLOCK_CAPTURE_AUTORELEASING = YES;
				CLANG_WARN_BOOL_CONVERSION = YES;
				CLANG_WARN_COMMA = YES;
				CLANG_WARN_CONSTANT_CONVERSION = YES;
				CLANG_WARN_DEPRECATED_OBJC_IMPLEMENTATIONS = YES;
				CLANG_WARN_DIRECT_OBJC_ISA_USAGE = YES_ERROR;
				CLANG_WARN_DOCUMENTATION_COMMENTS = YES;
				CLANG_WARN_EMPTY_BODY = YES;
				CLANG_WARN_ENUM_CONVERSION = YES;
				CLANG_WARN_INFINITE_RECURSION = YES;
				CLANG_WARN_INT_CONVERSION = YES;
				CLANG_WARN_NON_LITERAL_NULL_CONVERSION = YES;
				CLANG_WARN_OBJC_IMPLICIT_RETAIN_SELF = YES;
				CLANG_WARN_OBJC_LITERAL_CONVERSION = YES;
				CLANG_WARN_OBJC_ROOT_CLASS = YES_ERROR;
				CLANG_WARN_QUOTED_INCLUDE_IN_FRAMEWORK_HEADER = YES;
				CLANG_WARN_RANGE_LOOP_ANALYSIS = YES;
				CLANG_WARN_STRICT_PROTOTYPES = YES;
				CLANG_WARN_SUSPICIOUS_MOVE = YES;
				CLANG_WARN_UNGUARDED_AVAILABILITY = YES_AGGRESSIVE;
				CLANG_WARN_UNREACHABLE_CODE = YES;
				CLANG_WARN__DUPLICATE_METHOD_MATCH = YES;
				COPY_PHASE_STRIP = NO;
				DEBUG_INFORMATION_FORMAT = dwarf;
				ENABLE_STRICT_OBJC_MSGSEND = YES;
				ENABLE_TESTABILITY = YES;
				GCC_C_LANGUAGE_STANDARD = gnu11;
				GCC_DYNAMIC_NO_PIC = NO;
				GCC_NO_COMMON_BLOCKS = YES;
				GCC_OPTIMIZATION_LEVEL = 0;
				GCC_PREPROCESSOR_DEFINITIONS = (
					"DEBUG=1",
					"$(inherited)",
				);
				GCC_WARN_64_TO_32_BIT_CONVERSION = YES;
				GCC_WARN_ABOUT_RETURN_TYPE = YES_ERROR;
				GCC_WARN_UNDECLARED_SELECTOR = YES;
				GCC_WARN_UNINITIALIZED_AUTOS = YES_AGGRESSIVE;
				GCC_WARN_UNUSED_FUNCTION = YES;
				GCC_WARN_UNUSED_VARIABLE = YES;
				IPHONEOS_DEPLOYMENT_TARGET = 14.5;
				MTL_ENABLE_DEBUG_INFO = INCLUDE_SOURCE;
				MTL_FAST_MATH = YES;
				ONLY_ACTIVE_ARCH = YES;
				SDKROOT = iphoneos;
				SWIFT_ACTIVE_COMPILATION_CONDITIONS = DEBUG;
				SWIFT_OPTIMIZATION_LEVEL = "-Onone";
			};
			name = Debug;
		};
		1CEF1DBD26DCF2B6004391D1 /* Release */ = {
			isa = XCBuildConfiguration;
			buildSettings = {
				ALWAYS_SEARCH_USER_PATHS = NO;
				CLANG_ANALYZER_NONNULL = YES;
				CLANG_ANALYZER_NUMBER_OBJECT_CONVERSION = YES_AGGRESSIVE;
				CLANG_CXX_LANGUAGE_STANDARD = "gnu++14";
				CLANG_CXX_LIBRARY = "libc++";
				CLANG_ENABLE_MODULES = YES;
				CLANG_ENABLE_OBJC_ARC = YES;
				CLANG_ENABLE_OBJC_WEAK = YES;
				CLANG_WARN_BLOCK_CAPTURE_AUTORELEASING = YES;
				CLANG_WARN_BOOL_CONVERSION = YES;
				CLANG_WARN_COMMA = YES;
				CLANG_WARN_CONSTANT_CONVERSION = YES;
				CLANG_WARN_DEPRECATED_OBJC_IMPLEMENTATIONS = YES;
				CLANG_WARN_DIRECT_OBJC_ISA_USAGE = YES_ERROR;
				CLANG_WARN_DOCUMENTATION_COMMENTS = YES;
				CLANG_WARN_EMPTY_BODY = YES;
				CLANG_WARN_ENUM_CONVERSION = YES;
				CLANG_WARN_INFINITE_RECURSION = YES;
				CLANG_WARN_INT_CONVERSION = YES;
				CLANG_WARN_NON_LITERAL_NULL_CONVERSION = YES;
				CLANG_WARN_OBJC_IMPLICIT_RETAIN_SELF = YES;
				CLANG_WARN_OBJC_LITERAL_CONVERSION = YES;
				CLANG_WARN_OBJC_ROOT_CLASS = YES_ERROR;
				CLANG_WARN_QUOTED_INCLUDE_IN_FRAMEWORK_HEADER = YES;
				CLANG_WARN_RANGE_LOOP_ANALYSIS = YES;
				CLANG_WARN_STRICT_PROTOTYPES = YES;
				CLANG_WARN_SUSPICIOUS_MOVE = YES;
				CLANG_WARN_UNGUARDED_AVAILABILITY = YES_AGGRESSIVE;
				CLANG_WARN_UNREACHABLE_CODE = YES;
				CLANG_WARN__DUPLICATE_METHOD_MATCH = YES;
				COPY_PHASE_STRIP = NO;
				DEBUG_INFORMATION_FORMAT = "dwarf-with-dsym";
				ENABLE_NS_ASSERTIONS = NO;
				ENABLE_STRICT_OBJC_MSGSEND = YES;
				GCC_C_LANGUAGE_STANDARD = gnu11;
				GCC_NO_COMMON_BLOCKS = YES;
				GCC_WARN_64_TO_32_BIT_CONVERSION = YES;
				GCC_WARN_ABOUT_RETURN_TYPE = YES_ERROR;
				GCC_WARN_UNDECLARED_SELECTOR = YES;
				GCC_WARN_UNINITIALIZED_AUTOS = YES_AGGRESSIVE;
				GCC_WARN_UNUSED_FUNCTION = YES;
				GCC_WARN_UNUSED_VARIABLE = YES;
				IPHONEOS_DEPLOYMENT_TARGET = 14.5;
				MTL_ENABLE_DEBUG_INFO = NO;
				MTL_FAST_MATH = YES;
				SDKROOT = iphoneos;
				SWIFT_COMPILATION_MODE = wholemodule;
				SWIFT_OPTIMIZATION_LEVEL = "-O";
				VALIDATE_PRODUCT = YES;
			};
			name = Release;
		};
		1CEF1DBF26DCF2B6004391D1 /* Debug */ = {
			isa = XCBuildConfiguration;
			buildSettings = {
				ASSETCATALOG_COMPILER_APPICON_NAME = AppIcon;
				ASSETCATALOG_COMPILER_GLOBAL_ACCENT_COLOR_NAME = AccentColor;
				CODE_SIGN_STYLE = Automatic;
				DEVELOPMENT_TEAM = 3V8747A5S9;
				INFOPLIST_FILE = anime_recommendation/Info.plist;
				LD_RUNPATH_SEARCH_PATHS = (
					"$(inherited)",
					"@executable_path/Frameworks",
				);
				PRODUCT_BUNDLE_IDENTIFIER = "lnugraha.anime-recommendation";
				PRODUCT_NAME = "$(TARGET_NAME)";
				SWIFT_VERSION = 5.0;
				TARGETED_DEVICE_FAMILY = "1,2";
			};
			name = Debug;
		};
		1CEF1DC026DCF2B6004391D1 /* Release */ = {
			isa = XCBuildConfiguration;
			buildSettings = {
				ASSETCATALOG_COMPILER_APPICON_NAME = AppIcon;
				ASSETCATALOG_COMPILER_GLOBAL_ACCENT_COLOR_NAME = AccentColor;
				CODE_SIGN_STYLE = Automatic;
				DEVELOPMENT_TEAM = 3V8747A5S9;
				INFOPLIST_FILE = anime_recommendation/Info.plist;
				LD_RUNPATH_SEARCH_PATHS = (
					"$(inherited)",
					"@executable_path/Frameworks",
				);
				PRODUCT_BUNDLE_IDENTIFIER = "lnugraha.anime-recommendation";
				PRODUCT_NAME = "$(TARGET_NAME)";
				SWIFT_VERSION = 5.0;
				TARGETED_DEVICE_FAMILY = "1,2";
			};
			name = Release;
		};
		1CEF1DC226DCF2B6004391D1 /* Debug */ = {
			isa = XCBuildConfiguration;
			buildSettings = {
				ALWAYS_EMBED_SWIFT_STANDARD_LIBRARIES = YES;
				BUNDLE_LOADER = "$(TEST_HOST)";
				CODE_SIGN_STYLE = Automatic;
				DEVELOPMENT_TEAM = 3V8747A5S9;
				INFOPLIST_FILE = anime_recommendationTests/Info.plist;
				IPHONEOS_DEPLOYMENT_TARGET = 14.5;
				LD_RUNPATH_SEARCH_PATHS = (
					"$(inherited)",
					"@executable_path/Frameworks",
					"@loader_path/Frameworks",
				);
				PRODUCT_BUNDLE_IDENTIFIER = "lnugraha.anime-recommendationTests";
				PRODUCT_NAME = "$(TARGET_NAME)";
				SWIFT_VERSION = 5.0;
				TARGETED_DEVICE_FAMILY = "1,2";
				TEST_HOST = "$(BUILT_PRODUCTS_DIR)/anime_recommendation.app/anime_recommendation";
			};
			name = Debug;
		};
		1CEF1DC326DCF2B6004391D1 /* Release */ = {
			isa = XCBuildConfiguration;
			buildSettings = {
				ALWAYS_EMBED_SWIFT_STANDARD_LIBRARIES = YES;
				BUNDLE_LOADER = "$(TEST_HOST)";
				CODE_SIGN_STYLE = Automatic;
				DEVELOPMENT_TEAM = 3V8747A5S9;
				INFOPLIST_FILE = anime_recommendationTests/Info.plist;
				IPHONEOS_DEPLOYMENT_TARGET = 14.5;
				LD_RUNPATH_SEARCH_PATHS = (
					"$(inherited)",
					"@executable_path/Frameworks",
					"@loader_path/Frameworks",
				);
				PRODUCT_BUNDLE_IDENTIFIER = "lnugraha.anime-recommendationTests";
				PRODUCT_NAME = "$(TARGET_NAME)";
				SWIFT_VERSION = 5.0;
				TARGETED_DEVICE_FAMILY = "1,2";
				TEST_HOST = "$(BUILT_PRODUCTS_DIR)/anime_recommendation.app/anime_recommendation";
			};
			name = Release;
		};
		1CEF1DC526DCF2B6004391D1 /* Debug */ = {
			isa = XCBuildConfiguration;
			buildSettings = {
				ALWAYS_EMBED_SWIFT_STANDARD_LIBRARIES = YES;
				CODE_SIGN_STYLE = Automatic;
				DEVELOPMENT_TEAM = 3V8747A5S9;
				INFOPLIST_FILE = anime_recommendationUITests/Info.plist;
				LD_RUNPATH_SEARCH_PATHS = (
					"$(inherited)",
					"@executable_path/Frameworks",
					"@loader_path/Frameworks",
				);
				PRODUCT_BUNDLE_IDENTIFIER = "lnugraha.anime-recommendationUITests";
				PRODUCT_NAME = "$(TARGET_NAME)";
				SWIFT_VERSION = 5.0;
				TARGETED_DEVICE_FAMILY = "1,2";
				TEST_TARGET_NAME = anime_recommendation;
			};
			name = Debug;
		};
		1CEF1DC626DCF2B6004391D1 /* Release */ = {
			isa = XCBuildConfiguration;
			buildSettings = {
				ALWAYS_EMBED_SWIFT_STANDARD_LIBRARIES = YES;
				CODE_SIGN_STYLE = Automatic;
				DEVELOPMENT_TEAM = 3V8747A5S9;
				INFOPLIST_FILE = anime_recommendationUITests/Info.plist;
				LD_RUNPATH_SEARCH_PATHS = (
					"$(inherited)",
					"@executable_path/Frameworks",
					"@loader_path/Frameworks",
				);
				PRODUCT_BUNDLE_IDENTIFIER = "lnugraha.anime-recommendationUITests";
				PRODUCT_NAME = "$(TARGET_NAME)";
				SWIFT_VERSION = 5.0;
				TARGETED_DEVICE_FAMILY = "1,2";
				TEST_TARGET_NAME = anime_recommendation;
			};
			name = Release;
		};
/* End XCBuildConfiguration section */

/* Begin XCConfigurationList section */
		1CEF1D8F26DCF2B5004391D1 /* Build configuration list for PBXProject "anime_recommendation" */ = {
			isa = XCConfigurationList;
			buildConfigurations = (
				1CEF1DBC26DCF2B6004391D1 /* Debug */,
				1CEF1DBD26DCF2B6004391D1 /* Release */,
			);
			defaultConfigurationIsVisible = 0;
			defaultConfigurationName = Release;
		};
		1CEF1DBE26DCF2B6004391D1 /* Build configuration list for PBXNativeTarget "anime_recommendation" */ = {
			isa = XCConfigurationList;
			buildConfigurations = (
				1CEF1DBF26DCF2B6004391D1 /* Debug */,
				1CEF1DC026DCF2B6004391D1 /* Release */,
			);
			defaultConfigurationIsVisible = 0;
			defaultConfigurationName = Release;
		};
		1CEF1DC126DCF2B6004391D1 /* Build configuration list for PBXNativeTarget "anime_recommendationTests" */ = {
			isa = XCConfigurationList;
			buildConfigurations = (
				1CEF1DC226DCF2B6004391D1 /* Debug */,
				1CEF1DC326DCF2B6004391D1 /* Release */,
			);
			defaultConfigurationIsVisible = 0;
			defaultConfigurationName = Release;
		};
		1CEF1DC426DCF2B6004391D1 /* Build configuration list for PBXNativeTarget "anime_recommendationUITests" */ = {
			isa = XCConfigurationList;
			buildConfigurations = (
				1CEF1DC526DCF2B6004391D1 /* Debug */,
				1CEF1DC626DCF2B6004391D1 /* Release */,
			);
			defaultConfigurationIsVisible = 0;
			defaultConfigurationName = Release;
		};
/* End XCConfigurationList section */
	};
	rootObject = 1CEF1D8C26DCF2B5004391D1 /* Project object */;
}
